#MicroXplorer Configuration settings - do not modify
PD12.GPIO_Label=SCL4 (sensors)
PC7.GPIOParameters=GPIO_Label
RCC.USART1Freq_Value=108000000
SH.S_TIM1_CH4.0=TIM1_CH4,PWM Generation4 CH4
USART2.IPParameters=VirtualMode-Asynchronous
SPI4.VirtualType=VM_SLAVE
PE11.GPIOParameters=GPIO_Label
SPI2.VirtualType=VM_SLAVE
PB10.Mode=I2C
PC12.Locked=true
TIM1.IPParameters=Channel-PWM Generation1 CH1,Channel-PWM Generation2 CH2,Channel-PWM Generation3 CH3,Channel-PWM Generation4 CH4
RCC.PLLCLKFreq_Value=216000000
PC12.Signal=SDMMC1_CK
PB14.GPIO_Label=MISO2 (pload)
PA14.GPIO_Label=SWCLK
RCC.PLLQCLKFreq_Value=48000000
PC7.Locked=true
PE9.GPIO_ModeDefaultPP=GPIO_MODE_AF_PP
PD3.GPIOParameters=GPIO_Label
PD8.Locked=true
PC6.GPIO_Label=RC2 (TX6)
PA3.GPIOParameters=GPIO_Label
PA6.GPIO_Label=AUXb1
PB6.GPIO_Label=SRVb1 (T4C1)
PD4.Locked=true
PD2.GPIOParameters=GPIO_Label
SH.S_TIM1_CH1.ConfNb=1
SH.S_TIM4_CH4.ConfNb=1
PD6.GPIO_Label=RX2
PA2.GPIOParameters=GPIO_Label
PinOutPanel.RotationAngle=0
PE6.GPIO_Label=MOSI4 (IMU)
RCC.SYSCLKSource=RCC_SYSCLKSOURCE_PLLCLK
USART3.VirtualMode-Asynchronous=VM_ASYNC
RCC.LPTIM1Freq_Value=54000000
NVIC.SVCall_IRQn=true\:0\:0\:false\:false\:true\:false\:false
PD15.GPIOParameters=GPIO_Label
RCC.LCDTFTFreq_Value=48000000
SH.S_TIM14_CH1.0=TIM14_CH1,Input_Capture1_from_TI1
I2C4.Timing=0x20404768
RCC.I2C4Freq_Value=54000000
PE2.Mode=Full_Duplex_Slave
PD4.Signal=GPIO_Output
RCC.APB2TimFreq_Value=216000000
PB6.Signal=S_TIM4_CH1
PC7.Signal=GPIO_Output
PH1/OSC_OUT.Signal=RCC_OSC_OUT
RCC.SAI2Freq_Value=96000000
PD8.Signal=USART3_TX
PE5.Signal=SPI4_MISO
PA1.GPIO_PuPd=GPIO_NOPULL
PE14.Locked=true
RCC.USART3Freq_Value=54000000
RCC.PLLSAIRCLKFreq_Value=96000000
ProjectManager.ProjectBuild=false
TIM4.Channel-PWM\ Generation3\ CH3=TIM_CHANNEL_3
NVIC.UsageFault_IRQn=true\:0\:0\:false\:false\:true\:false\:false
PB3.Mode=Asynchronous
PB12.GPIO_Label=nSS2
PH0/OSC_IN.Locked=true
ProjectManager.FirmwarePackage=STM32Cube FW_F7 V1.16.0
MxDb.Version=DB.6.0.10
PB0.GPIOParameters=GPIO_Label
PE0.GPIOParameters=GPIO_Label
PA1.GPIOParameters=GPIO_Speed,GPIO_PuPd,GPIO_Label,GPIO_Mode
ProjectManager.BackupPrevious=false
TIM1.Channel-PWM\ Generation1\ CH1=TIM_CHANNEL_1
PE9.Signal=S_TIM1_CH1
PB14.Mode=Full_Duplex_Slave
PE9.Locked=true
PB1.GPIO_Label=AUXb4
PH1/OSC_OUT.Locked=true
PE4.GPIO_Label=nSS4 (IMU)
PC9.Mode=SD_4_bits_Wide_bus
SH.ADCx_IN8.0=ADC1_IN8
SH.S_TIM4_CH2.0=TIM4_CH2,PWM Generation2 CH2
PE2.Signal=SPI4_SCK
PB6.Locked=true
NVIC.PendSV_IRQn=true\:0\:0\:false\:false\:true\:false\:false
PD3.Mode=Full_Duplex_Slave
ProjectManager.HalAssertFull=false
RCC.MCO2PinFreq_Value=216000000
PC8.GPIOParameters=GPIO_Label
PB9.Signal=S_TIM4_CH4
Mcu.Package=TFBGA100
RCC.SDMMCClockSelection=RCC_SDMMC1CLKSOURCE_CLK48
PB1.Signal=ADCx_IN9
SPI2.Mode=SPI_MODE_SLAVE
PD12.Signal=I2C4_SCL
PD5.GPIOParameters=GPIO_Label
PA14.Locked=true
VP_SYS_VS_Systick.Signal=SYS_VS_Systick
USART3.IPParameters=VirtualMode-Asynchronous
PA10.Signal=GPIO_Output
PC6.GPIO_PuPd=GPIO_NOPULL
RCC.DFSDMFreq_Value=108000000
PC11.Mode=SD_4_bits_Wide_bus
PB14.GPIOParameters=GPIO_Label
SH.ADCx_IN9.0=ADC1_IN9
PB5.GPIO_Speed=GPIO_SPEED_FREQ_VERY_HIGH
RCC.APB2CLKDivider=RCC_HCLK_DIV2
SH.S_TIM4_CH1.0=TIM4_CH1,PWM Generation1 CH1
RCC.CECFreq_Value=32786.88524590164
RCC.APB1TimFreq_Value=54000000
NVIC.BusFault_IRQn=true\:0\:0\:false\:false\:true\:false\:false
SH.ADCx_IN9.ConfNb=1
USB_OTG_FS.IPParameters=VirtualMode
PB10.GPIOParameters=GPIO_Label
VP_TIM14_VS_ClockSourceINT.Mode=Enable_Timer
PE6.Locked=true
RCC.DFSDMAudioFreq_Value=96000000
TIM14.IPParameters=Channel
TIM4.Channel-PWM\ Generation4\ CH4=TIM_CHANNEL_4
PD5.Locked=true
PC6.GPIO_Speed=GPIO_SPEED_FREQ_VERY_HIGH
PD15.Signal=GPIO_Output
ProjectManager.CustomerFirmwarePackage=
RCC.PLLSAIQCLKFreq_Value=96000000
PA6.GPIOParameters=GPIO_Label
PD6.GPIOParameters=GPIO_Label
SH.S_TIM4_CH1.ConfNb=1
PA0/WKUP.GPIOParameters=GPIO_Speed,GPIO_PuPd,GPIO_Label,GPIO_Mode
RCC.PLLQoutputFreq_Value=48000000
ProjectManager.ProjectFileName=Tawaki_v110.ioc
PD9.GPIO_Label=RX3
PA15.GPIOParameters=GPIO_Label
Mcu.PinsNb=59
PA1.GPIO_Mode=GPIO_MODE_AF_PP
PC11.Locked=true
PC13.Locked=true
PC13.Signal=GPIO_Output
PA9.GPIO_Label=USBvbus
PD3.Signal=SPI2_SCK
PC6.Signal=USART6_TX
PH1/OSC_OUT.GPIOParameters=GPIO_Label
PB11.GPIO_Label=SDA2 (pload)
PD13.GPIOParameters=GPIO_Label
PA11.GPIO_Label=USB-
RCC.APB1TimCLKDivider=1
RCC.UART8Freq_Value=54000000
PB14.Locked=true
RCC.APB1CLKDivider=RCC_HCLK_DIV4
PC11.GPIOParameters=GPIO_Label
PD6.Mode=Asynchronous
PD10.Signal=GPIO_Input
PB8.GPIO_Label=SRVb3 (T4C3)
PA15.Locked=true
PA11.Locked=true
Mcu.Pin57=VP_TIM13_VS_ClockSourceINT
Mcu.Pin58=VP_TIM14_VS_ClockSourceINT
PB11.Mode=I2C
TIM13.Channel=TIM_CHANNEL_1
TIM4.IPParameters=Channel-PWM Generation1 CH1,Channel-PWM Generation2 CH2,Channel-PWM Generation3 CH3,Channel-PWM Generation4 CH4
SH.S_TIM9_CH2.0=TIM9_CH2,Input_Capture2_from_TI2
Mcu.Pin51=PE13
RCC.USART6Freq_Value=108000000
Mcu.Pin52=PB11
Mcu.Pin50=PE9
Mcu.Pin55=PD12
Mcu.Pin56=VP_SYS_VS_Systick
Mcu.Pin53=PB12
Mcu.Pin54=PD8
PC6.Locked=true
PA9.Signal=USB_OTG_FS_VBUS
TIM1.Channel-PWM\ Generation2\ CH2=TIM_CHANNEL_2
PB9.Locked=true
PB5.Locked=true
PB11.GPIOParameters=GPIO_Label
SPI4.VirtualNSS=VM_NSSHARD
PE9.GPIO_Label=SRVa1 (T1C1)
PD8.Mode=Asynchronous
Mcu.Pin48=PA7
Mcu.Pin49=PB1
Mcu.Pin46=PD13
Mcu.Pin47=PA3
PA0/WKUP.Mode=CTS_RTS
PB10.Signal=I2C2_SCL
TIM13.IPParameters=Channel
PB14.Signal=SPI2_MISO
Mcu.Pin40=PB14
Mcu.Pin41=PA2
PE13.GPIOParameters=GPIO_Label
PC12.Mode=SD_4_bits_Wide_bus
Mcu.Pin44=PB10
Mcu.Pin45=PD9
Mcu.Pin42=PA6
Mcu.Pin43=PB0
ProjectManager.LastFirmware=true
VP_TIM13_VS_ClockSourceINT.Mode=Enable_Timer
PE14.Signal=S_TIM1_CH4
PA1.Mode=CTS_RTS
PE6.Mode=Full_Duplex_Slave
TIM14.Channel=TIM_CHANNEL_1
Mcu.Pin37=PA1
Mcu.Pin38=PE11
PB15.GPIO_Label=MOSI2 (pload)
Mcu.Pin35=PD15
RCC.I2C1Freq_Value=54000000
Mcu.Pin36=PB15
RCC.PLLI2SPCLKFreq_Value=96000000
Mcu.Pin39=PD10
RCC.RNGFreq_Value=48000000
Mcu.Pin30=PC7
PA1.GPIO_Label=AUXa2
RCC.EthernetFreq_Value=216000000
SH.S_TIM9_CH1.0=TIM9_CH1,Input_Capture1_from_TI1
Mcu.Pin33=PA0/WKUP
PA0/WKUP.GPIO_Label=AUXa1
Mcu.Pin34=PE14
Mcu.Pin31=PC8
Mcu.Pin32=PC6
PA9.Locked=true
NVIC.NonMaskableInt_IRQn=true\:0\:0\:false\:false\:true\:false\:false
PC10.GPIOParameters=GPIO_Label
PA0/WKUP.GPIO_PuPd=GPIO_NOPULL
PA13.Mode=Serial_Wire
ProjectManager.FreePins=false
PC9.GPIOParameters=GPIO_Label
RCC.PLLI2SQCLKFreq_Value=96000000
Mcu.Pin26=PD4
Mcu.Pin27=PA10
Mcu.Pin24=PE5
ProjectManager.UnderRoot=false
Mcu.Pin25=PE0
PE13.Locked=true
Mcu.Pin28=PE6
PC7.GPIO_Label=LED3
Mcu.Pin29=PC9
PC8.Mode=SD_4_bits_Wide_bus
PB5.Signal=UART5_RX
Mcu.Pin22=PA11
Mcu.Pin23=PH1/OSC_OUT
Mcu.Pin20=PC12
Mcu.Pin21=PA9
PA3.Locked=true
PE13.GPIO_Label=SRVa3 (T1C3)
PD12.Mode=I2C
PD10.Locked=true
PA10.Locked=true
NVIC.ForceEnableDMAVector=true
PA14.GPIOParameters=GPIO_Label
PB5.GPIO_PuPd=GPIO_NOPULL
NVIC.MemoryManagement_IRQn=true\:0\:0\:false\:false\:true\:false\:false
PC12.GPIO_Label=SD1ck
PE5.GPIO_Label=MISO4 (IMU)
ProjectManager.CompilerOptimize=6
PD15.Locked=true
PA11.Signal=USB_OTG_FS_DM
ProjectManager.HeapSize=0x200
Mcu.Pin15=PH0/OSC_IN
NVIC.HardFault_IRQn=true\:0\:0\:false\:false\:true\:false\:false
Mcu.Pin16=PE4
Mcu.Pin13=PC10
Mcu.Pin14=PA12
Mcu.Pin19=PD3
ProjectManager.ComputerToolchain=false
Mcu.Pin17=PB5
Mcu.Pin18=PD6
NVIC.PriorityGroup=NVIC_PRIORITYGROUP_4
Mcu.Pin11=PD2
Mcu.Pin12=PC11
Mcu.Pin10=PD5
PE2.Locked=true
TIM9.Channel-Input_Capture2_from_TI2=TIM_CHANNEL_2
TIM1.Channel-PWM\ Generation3\ CH3=TIM_CHANNEL_3
PD2.Signal=SDMMC1_CMD
RCC.I2C2Freq_Value=54000000
RCC.SDMMC2Freq_Value=216000000
PB0.Signal=ADCx_IN8
SH.S_TIM1_CH4.ConfNb=1
PA7.GPIOParameters=GPIO_Label
PB12.GPIOParameters=GPIO_Label
PD2.GPIO_Label=SD1cmd
PH0/OSC_IN.GPIOParameters=GPIO_Label
Mcu.Family=STM32F7
ProjectManager.MainLocation=Src
I2C2.IPParameters=Timing
SH.S_TIM4_CH2.ConfNb=1
SPI2.VirtualNSS=VM_NSSHARD
RCC.SAI1Freq_Value=96000000
RCC.CortexFreq_Value=216000000
ProjectManager.KeepUserCode=true
Mcu.UserName=STM32F777VIHx
PD9.GPIOParameters=GPIO_Label
PE11.GPIO_Label=SRVa2 (T1C2)
PC10.Locked=true
PC10.Signal=SDMMC1_D2
SPI4.Direction=SPI_DIRECTION_2LINES
I2C2.Timing=0x20404768
PA12.GPIOParameters=GPIO_Label
ProjectManager.functionlistsort=1-MX_GPIO_Init-GPIO-false-HAL-true,2-SystemClock_Config-RCC-false-HAL-false,3-MX_USB_OTG_FS_PCD_Init-USB_OTG_FS-false-HAL-true,4-MX_SDMMC1_SD_Init-SDMMC1-false-HAL-true,5-MX_SPI2_Init-SPI2-false-HAL-true,6-MX_SPI4_Init-SPI4-false-HAL-true,7-MX_I2C2_Init-I2C2-false-HAL-true,8-MX_I2C4_Init-I2C4-false-HAL-true,9-MX_TIM1_Init-TIM1-false-HAL-true,10-MX_TIM4_Init-TIM4-false-HAL-true,11-MX_USART2_UART_Init-USART2-false-HAL-true,12-MX_USART3_UART_Init-USART3-false-HAL-true,13-MX_UART7_Init-UART7-false-HAL-true,14-MX_TIM9_Init-TIM9-false-HAL-true,15-MX_TIM13_Init-TIM13-false-HAL-true,16-MX_TIM14_Init-TIM14-false-HAL-true,0-MX_CORTEX_M7_Init-CORTEX_M7-false-HAL-true
PA9.GPIOParameters=GPIO_Label
PA11.GPIOParameters=GPIO_Label
PA11.Mode=Device_Only
PE9.GPIO_Speed=GPIO_SPEED_FREQ_LOW
PA0/WKUP.Signal=USART2_CTS
PC9.Locked=true
PD6.Locked=true
PB0.GPIO_Label=AUXb3
RCC.PLLI2SRCLKFreq_Value=96000000
RCC.USART2Freq_Value=54000000
PD2.Locked=true
SH.S_TIM1_CH3.ConfNb=1
PC13.GPIO_Label=APSW
PB11.Signal=I2C2_SDA
PB15.Signal=SPI2_MOSI
PD9.Mode=Asynchronous
SH.S_TIM13_CH1.0=TIM13_CH1,Input_Capture1_from_TI1
PE5.GPIOParameters=GPIO_Label
ProjectManager.StackSize=0x400
PB5.GPIOParameters=GPIO_ModeDefaultPP,GPIO_Speed,GPIO_PuPd,GPIO_Label
RCC.I2C3Freq_Value=54000000
PD13.Signal=I2C4_SDA
Mcu.IP4=RCC
RCC.FCLKCortexFreq_Value=216000000
Mcu.IP5=SDMMC1
PD13.Locked=true
Mcu.IP2=I2C4
Mcu.IP3=NVIC
PA15.GPIO_Label=TX7
Mcu.IP0=CORTEX_M7
PA12.Locked=true
Mcu.IP1=I2C2
PA12.Signal=USB_OTG_FS_DP
PE4.GPIOParameters=GPIO_Label
Mcu.UserConstants=
SPI4.Mode=SPI_MODE_SLAVE
RCC.SDMMCFreq_Value=48000000
Mcu.ThirdPartyNb=0
TIM1.Channel-PWM\ Generation4\ CH4=TIM_CHANNEL_4
PC6.GPIO_ModeDefaultPP=GPIO_MODE_AF_PP
PH0/OSC_IN.Mode=HSE-External-Oscillator
RCC.HCLKFreq_Value=216000000
Mcu.IPNb=18
RCC.PLLI2SRoutputFreq_Value=96000000
ProjectManager.PreviousToolchain=
RCC.SPDIFRXFreq_Value=96000000
PA0/WKUP.Locked=true
PD8.GPIOParameters=GPIO_Label
Mcu.Pin6=PA14
Mcu.Pin7=PA13
Mcu.Pin8=PB8
Mcu.Pin9=PB6
RCC.VCOSAIOutputFreq_Value=192000000
SPI4.IPParameters=VirtualType,Mode,Direction,VirtualNSS
RCC.AHBFreq_Value=216000000
PB5.GPIO_ModeDefaultPP=GPIO_MODE_AF_PP
Mcu.Pin0=PC13
PD5.Mode=Asynchronous
Mcu.Pin1=PE2
Mcu.Pin2=PB9
Mcu.Pin3=PB7
Mcu.Pin4=PB3
PD10.GPIOParameters=GPIO_Label
Mcu.Pin5=PA15
RCC.HSE_VALUE=16000000
NVIC.DebugMonitor_IRQn=true\:0\:0\:false\:false\:true\:false\:false
Mcu.IP10=TIM4
USART2.VirtualMode-Asynchronous=VM_ASYNC
PA15.Mode=Asynchronous
NVIC.SysTick_IRQn=true\:0\:0\:false\:false\:true\:false\:true
Mcu.IP12=TIM13
Mcu.IP11=TIM9
PH1/OSC_OUT.GPIO_Label=OSCO
Mcu.IP17=USB_OTG_FS
Mcu.IP14=UART7
Mcu.IP13=TIM14
PE13.Signal=S_TIM1_CH3
Mcu.IP16=USART3
Mcu.IP15=USART2
RCC.VCOInputFreq_Value=1000000
PA14.Mode=Serial_Wire
PC11.GPIO_Label=SD1d3
File.Version=6
PA10.GPIO_Label=LED2
PB3.GPIOParameters=GPIO_Label
PA0/WKUP.GPIO_Speed=GPIO_SPEED_FREQ_VERY_HIGH
PB7.Signal=S_TIM4_CH2
PB8.Locked=true
PE4.Mode=NSS_Signal_Hard_Input
PH1/OSC_OUT.Mode=HSE-External-Oscillator
PE4.Signal=SPI4_NSS
PE6.GPIOParameters=GPIO_Label
PB6.GPIOParameters=GPIO_Label
PB0.Locked=true
ProjectManager.ProjectName=Tawaki_v110
PA13.GPIOParameters=GPIO_Label
PB7.GPIO_Label=SRVb2 (T4C2)
PD13.GPIO_Label=SDA4 (sensors)
PA6.Signal=S_TIM13_CH1
PB12.Mode=NSS_Signal_Hard_Input
PA7.Locked=true
PD5.GPIO_Label=TX2
ProjectManager.ToolChainLocation=
PA2.GPIO_Label=AUXa3
RCC.LSI_VALUE=32000
USB_OTG_FS.VirtualMode=Device_Only
PA15.Signal=UART7_TX
VP_TIM13_VS_ClockSourceINT.Signal=TIM13_VS_ClockSourceINT
PA0/WKUP.GPIO_Mode=GPIO_MODE_AF_PP
PE0.GPIO_Label=RC1 (RX8)
RCC.PLLSAIP=RCC_PLLSAIP_DIV4
PB5.GPIO_Label=DSHTin (RX5)
SH.S_TIM9_CH2.ConfNb=1
SPI2.Direction=SPI_DIRECTION_2LINES
PD3.GPIO_Label=SCK2 (pload)
PD6.Signal=USART2_RX
PE2.GPIO_Label=SCK4 (IMU)
TIM9.IPParameters=Channel-Input_Capture1_from_TI1,Channel-Input_Capture2_from_TI2
PB3.Locked=true
PB15.Locked=true
PA3.Signal=S_TIM9_CH2
PB3.GPIO_Label=RX7
PA2.Locked=true
TIM4.Channel-PWM\ Generation1\ CH1=TIM_CHANNEL_1
RCC.I2SFreq_Value=96000000
PB8.GPIOParameters=GPIO_Label
PD15.GPIO_Label=LED1
RCC.UART7Freq_Value=54000000
PE14.GPIOParameters=GPIO_Label
PB9.GPIO_Label=SRVb4 (T4C4)
PC10.GPIO_Label=SD1d2
VP_TIM14_VS_ClockSourceINT.Signal=TIM14_VS_ClockSourceINT
PC9.GPIO_Label=SD1d1
ProjectManager.NoMain=false
SH.S_TIM4_CH4.0=TIM4_CH4,PWM Generation4 CH4
PC11.Signal=SDMMC1_D3
RCC.PLLRFreq_Value=216000000
PC8.Signal=SDMMC1_D0
PC10.Mode=SD_4_bits_Wide_bus
ProjectManager.DefaultFWLocation=true
PE14.GPIO_Label=SRVa4 (T1C4)
PD5.Signal=USART2_TX
PD9.Signal=USART3_RX
PB12.Locked=true
ProjectManager.DeletePrevious=true
PB10.Locked=true
PA12.GPIO_Label=USB+
PinOutPanel.CurrentBGAView=Top
RCC.FamilyName=M
PB9.GPIOParameters=GPIO_Label
PE9.GPIOParameters=GPIO_ModeDefaultPP,GPIO_Speed,GPIO_PuPd,GPIO_Label
PD8.GPIO_Label=TX3
PD12.Locked=true
PC8.GPIO_Label=SD1d0
PC12.GPIOParameters=GPIO_Label
PA13.Signal=SYS_JTMS-SWDIO
PA9.Mode=Activate_VBUS
SH.S_TIM1_CH1.0=TIM1_CH1,PWM Generation1 CH1
PD12.GPIOParameters=GPIO_Label
ProjectManager.TargetToolchain=EWARM V8
PB10.GPIO_Label=SCL2 (pload)
SH.S_TIM13_CH1.ConfNb=1
PB7.GPIOParameters=GPIO_Label
SH.S_TIM4_CH3.0=TIM4_CH3,PWM Generation3 CH3
PD13.Mode=I2C
SPI2.IPParameters=VirtualType,Mode,Direction,VirtualNSS
PE2.GPIOParameters=GPIO_Label
ProjectManager.RegisterCallBack=
PE0.Locked=true
RCC.USBFreq_Value=48000000
SH.S_TIM14_CH1.ConfNb=1
PD10.GPIO_Label=SDsw
RCC.PLLSAIoutputFreq_Value=48000000
PE11.Signal=S_TIM1_CH2
RCC.LSE_VALUE=32768
PD3.Locked=true
PA1.Signal=USART2_RTS
TIM9.Channel-Input_Capture1_from_TI1=TIM_CHANNEL_1
PB1.Locked=true
SH.S_TIM1_CH2.ConfNb=1
SH.S_TIM4_CH3.ConfNb=1
RCC.VCOI2SOutputFreq_Value=192000000
PD2.Mode=SD_4_bits_Wide_bus
RCC.PLLSAIPCLKFreq_Value=48000000
board=custom
RCC.VCOOutputFreq_Value=432000000
PB15.Mode=Full_Duplex_Slave
PH0/OSC_IN.Signal=RCC_OSC_IN
TIM4.Channel-PWM\ Generation2\ CH2=TIM_CHANNEL_2
RCC.APB2Freq_Value=108000000
RCC.UART4Freq_Value=54000000
MxCube.Version=6.1.1
SH.S_TIM1_CH2.0=TIM1_CH2,PWM Generation2 CH2
PC13.GPIOParameters=GPIO_Label
PD4.GPIO_Label=LED4
PA1.GPIO_Speed=GPIO_SPEED_FREQ_VERY_HIGH
PE5.Mode=Full_Duplex_Slave
PA10.GPIOParameters=GPIO_Label
PD4.GPIOParameters=GPIO_Label
VP_SYS_VS_Systick.Mode=SysTick
PE5.Locked=true
SH.S_TIM9_CH1.ConfNb=1
SH.ADCx_IN8.ConfNb=1
PE6.Signal=SPI4_MOSI
RCC.UART5Freq_Value=54000000
PB15.GPIOParameters=GPIO_Label
RCC.IPParameters=AHBFreq_Value,APB1CLKDivider,APB1Freq_Value,APB1TimCLKDivider,APB1TimFreq_Value,APB2CLKDivider,APB2Freq_Value,APB2TimFreq_Value,CECFreq_Value,CortexFreq_Value,DFSDMAudioFreq_Value,DFSDMFreq_Value,EthernetFreq_Value,FCLKCortexFreq_Value,FamilyName,HCLKFreq_Value,HSE_VALUE,HSI_VALUE,I2C1Freq_Value,I2C2Freq_Value,I2C3Freq_Value,I2C4Freq_Value,I2SFreq_Value,LCDTFTFreq_Value,LPTIM1Freq_Value,LSE_VALUE,LSI_VALUE,MCO2PinFreq_Value,PLLCLKFreq_Value,PLLI2SPCLKFreq_Value,PLLI2SQCLKFreq_Value,PLLI2SRCLKFreq_Value,PLLI2SRoutputFreq_Value,PLLN,PLLQ,PLLQCLKFreq_Value,PLLQoutputFreq_Value,PLLRFreq_Value,PLLSAIP,PLLSAIPCLKFreq_Value,PLLSAIQCLKFreq_Value,PLLSAIRCLKFreq_Value,PLLSAIoutputFreq_Value,RNGFreq_Value,SAI1Freq_Value,SAI2Freq_Value,SDMMC2Freq_Value,SDMMCClockSelection,SDMMCFreq_Value,SPDIFRXFreq_Value,SYSCLKFreq_VALUE,SYSCLKSource,UART4Freq_Value,UART5Freq_Value,UART7Freq_Value,UART8Freq_Value,USART1Freq_Value,USART2Freq_Value,USART3Freq_Value,USART6Freq_Value,USBFreq_Value,VCOI2SOutputFreq_Value,VCOInputFreq_Value,VCOOutputFreq_Value,VCOSAIOutputFreq_Value
PE11.Locked=true
ProjectManager.AskForMigrate=true
PE0.Signal=UART8_RX
Mcu.Name=STM32F777VIHx
PA13.GPIO_Label=SWDIO
PA2.Signal=S_TIM9_CH1
Mcu.IP8=SYS
Mcu.IP9=TIM1
Mcu.IP6=SPI2
Mcu.IP7=SPI4
ProjectManager.CoupleFile=false
PB3.Signal=UART7_RX
RCC.SYSCLKFreq_VALUE=216000000
PA1.Locked=true
PA7.GPIO_Label=AUXb2
PA12.Mode=Device_Only
KeepUserPlacement=true
PA13.Locked=true
PA14.Signal=SYS_JTCK-SWCLK
PC6.GPIOParameters=GPIO_ModeDefaultPP,GPIO_Speed,GPIO_PuPd,GPIO_Label
SH.S_TIM1_CH3.0=TIM1_CH3,PWM Generation3 CH3
RCC.HSI_VALUE=16000000
PH0/OSC_IN.GPIO_Label=OSCI
RCC.PLLQ=9
RCC.PLLN=432
PB7.Locked=true
PB8.Signal=S_TIM4_CH3
PC8.Locked=true
PC9.Signal=SDMMC1_D1
PD9.Locked=true
RCC.APB1Freq_Value=54000000
PB11.Locked=true
ProjectManager.DeviceId=STM32F777VIHx
PB12.Signal=SPI2_NSS
ProjectManager.LibraryCopy=0
I2C4.IPParameters=Timing
PA3.GPIO_Label=AUXa4
PB1.GPIOParameters=GPIO_Label
PA7.Signal=S_TIM14_CH1
PE9.GPIO_PuPd=GPIO_NOPULL
PA6.Locked=true
